// !$*UTF8*$!
{
	archiveVersion = 1;
	classes = {
	};
	objectVersion = 56;
	objects = {

/* Begin PBXBuildFile section */
		CE2F380E2B5EB1AE005BB0CB /* PokedexApp.swift in Sources */ = {isa = PBXBuildFile; fileRef = CE2F380D2B5EB1AE005BB0CB /* PokedexApp.swift */; };
		CE2F38102B5EB1AE005BB0CB /* InitialView.swift in Sources */ = {isa = PBXBuildFile; fileRef = CE2F380F2B5EB1AE005BB0CB /* InitialView.swift */; };
		CE2F38122B5EB1BA005BB0CB /* Assets.xcassets in Resources */ = {isa = PBXBuildFile; fileRef = CE2F38112B5EB1BA005BB0CB /* Assets.xcassets */; };
		CE2F38152B5EB1BA005BB0CB /* Preview Assets.xcassets in Resources */ = {isa = PBXBuildFile; fileRef = CE2F38142B5EB1BA005BB0CB /* Preview Assets.xcassets */; };
		CE2F381F2B5EB1BA005BB0CB /* PokedexTests.swift in Sources */ = {isa = PBXBuildFile; fileRef = CE2F381E2B5EB1BA005BB0CB /* PokedexTests.swift */; };
		CE2F38292B5EB1BA005BB0CB /* PokedexUITests.swift in Sources */ = {isa = PBXBuildFile; fileRef = CE2F38282B5EB1BA005BB0CB /* PokedexUITests.swift */; };
		CE2F382B2B5EB1BA005BB0CB /* PokedexUITestsLaunchTests.swift in Sources */ = {isa = PBXBuildFile; fileRef = CE2F382A2B5EB1BA005BB0CB /* PokedexUITestsLaunchTests.swift */; };
		CE2F38392B5EBCE6005BB0CB /* PokemonCell.swift in Sources */ = {isa = PBXBuildFile; fileRef = CE2F38382B5EBCE6005BB0CB /* PokemonCell.swift */; };
		CE2F383B2B5EBD3F005BB0CB /* PokedexView.swift in Sources */ = {isa = PBXBuildFile; fileRef = CE2F383A2B5EBD3F005BB0CB /* PokedexView.swift */; };
		CE2F383E2B5EC96D005BB0CB /* Pokemon.swift in Sources */ = {isa = PBXBuildFile; fileRef = CE2F383D2B5EC96D005BB0CB /* Pokemon.swift */; };
		CE2F38432B5ED5F9005BB0CB /* PokemonCellViewModel.swift in Sources */ = {isa = PBXBuildFile; fileRef = CE2F38422B5ED5F9005BB0CB /* PokemonCellViewModel.swift */; };
		CE2F38462B5ED9F7005BB0CB /* ApiPokemons.swift in Sources */ = {isa = PBXBuildFile; fileRef = CE2F38452B5ED9F7005BB0CB /* ApiPokemons.swift */; };
		CE2F38492B5EE921005BB0CB /* Kingfisher in Frameworks */ = {isa = PBXBuildFile; productRef = CE2F38482B5EE921005BB0CB /* Kingfisher */; };
		CE2F384E2B5EFAA0005BB0CB /* Color+Extensions.swift in Sources */ = {isa = PBXBuildFile; fileRef = CE2F384D2B5EFAA0005BB0CB /* Color+Extensions.swift */; };
		CE2F38512B5F097E005BB0CB /* PokemonDetailsView.swift in Sources */ = {isa = PBXBuildFile; fileRef = CE2F38502B5F097E005BB0CB /* PokemonDetailsView.swift */; };
/* End PBXBuildFile section */

/* Begin PBXContainerItemProxy section */
		CE2F381B2B5EB1BA005BB0CB /* PBXContainerItemProxy */ = {
			isa = PBXContainerItemProxy;
			containerPortal = CE2F38022B5EB1AE005BB0CB /* Project object */;
			proxyType = 1;
			remoteGlobalIDString = CE2F38092B5EB1AE005BB0CB;
			remoteInfo = Pokedex;
		};
		CE2F38252B5EB1BA005BB0CB /* PBXContainerItemProxy */ = {
			isa = PBXContainerItemProxy;
			containerPortal = CE2F38022B5EB1AE005BB0CB /* Project object */;
			proxyType = 1;
			remoteGlobalIDString = CE2F38092B5EB1AE005BB0CB;
			remoteInfo = Pokedex;
		};
/* End PBXContainerItemProxy section */

/* Begin PBXFileReference section */
		CE2F380A2B5EB1AE005BB0CB /* Pokedex.app */ = {isa = PBXFileReference; explicitFileType = wrapper.application; includeInIndex = 0; path = Pokedex.app; sourceTree = BUILT_PRODUCTS_DIR; };
		CE2F380D2B5EB1AE005BB0CB /* PokedexApp.swift */ = {isa = PBXFileReference; lastKnownFileType = sourcecode.swift; path = PokedexApp.swift; sourceTree = "<group>"; };
		CE2F380F2B5EB1AE005BB0CB /* InitialView.swift */ = {isa = PBXFileReference; lastKnownFileType = sourcecode.swift; path = InitialView.swift; sourceTree = "<group>"; };
		CE2F38112B5EB1BA005BB0CB /* Assets.xcassets */ = {isa = PBXFileReference; lastKnownFileType = folder.assetcatalog; path = Assets.xcassets; sourceTree = "<group>"; };
		CE2F38142B5EB1BA005BB0CB /* Preview Assets.xcassets */ = {isa = PBXFileReference; lastKnownFileType = folder.assetcatalog; path = "Preview Assets.xcassets"; sourceTree = "<group>"; };
		CE2F381A2B5EB1BA005BB0CB /* PokedexTests.xctest */ = {isa = PBXFileReference; explicitFileType = wrapper.cfbundle; includeInIndex = 0; path = PokedexTests.xctest; sourceTree = BUILT_PRODUCTS_DIR; };
		CE2F381E2B5EB1BA005BB0CB /* PokedexTests.swift */ = {isa = PBXFileReference; lastKnownFileType = sourcecode.swift; path = PokedexTests.swift; sourceTree = "<group>"; };
		CE2F38242B5EB1BA005BB0CB /* PokedexUITests.xctest */ = {isa = PBXFileReference; explicitFileType = wrapper.cfbundle; includeInIndex = 0; path = PokedexUITests.xctest; sourceTree = BUILT_PRODUCTS_DIR; };
		CE2F38282B5EB1BA005BB0CB /* PokedexUITests.swift */ = {isa = PBXFileReference; lastKnownFileType = sourcecode.swift; path = PokedexUITests.swift; sourceTree = "<group>"; };
		CE2F382A2B5EB1BA005BB0CB /* PokedexUITestsLaunchTests.swift */ = {isa = PBXFileReference; lastKnownFileType = sourcecode.swift; path = PokedexUITestsLaunchTests.swift; sourceTree = "<group>"; };
		CE2F38382B5EBCE6005BB0CB /* PokemonCell.swift */ = {isa = PBXFileReference; lastKnownFileType = sourcecode.swift; path = PokemonCell.swift; sourceTree = "<group>"; };
		CE2F383A2B5EBD3F005BB0CB /* PokedexView.swift */ = {isa = PBXFileReference; lastKnownFileType = sourcecode.swift; path = PokedexView.swift; sourceTree = "<group>"; };
		CE2F383D2B5EC96D005BB0CB /* Pokemon.swift */ = {isa = PBXFileReference; lastKnownFileType = sourcecode.swift; path = Pokemon.swift; sourceTree = "<group>"; };
		CE2F38422B5ED5F9005BB0CB /* PokemonCellViewModel.swift */ = {isa = PBXFileReference; lastKnownFileType = sourcecode.swift; path = PokemonCellViewModel.swift; sourceTree = "<group>"; };
		CE2F38452B5ED9F7005BB0CB /* ApiPokemons.swift */ = {isa = PBXFileReference; lastKnownFileType = sourcecode.swift; path = ApiPokemons.swift; sourceTree = "<group>"; };
		CE2F384D2B5EFAA0005BB0CB /* Color+Extensions.swift */ = {isa = PBXFileReference; lastKnownFileType = sourcecode.swift; path = "Color+Extensions.swift"; sourceTree = "<group>"; };
		CE2F38502B5F097E005BB0CB /* PokemonDetailsView.swift */ = {isa = PBXFileReference; lastKnownFileType = sourcecode.swift; path = PokemonDetailsView.swift; sourceTree = "<group>"; };
/* End PBXFileReference section */

/* Begin PBXFrameworksBuildPhase section */
		CE2F38072B5EB1AE005BB0CB /* Frameworks */ = {
			isa = PBXFrameworksBuildPhase;
			buildActionMask = 2147483647;
			files = (
				CE2F38492B5EE921005BB0CB /* Kingfisher in Frameworks */,
			);
			runOnlyForDeploymentPostprocessing = 0;
		};
		CE2F38172B5EB1BA005BB0CB /* Frameworks */ = {
			isa = PBXFrameworksBuildPhase;
			buildActionMask = 2147483647;
			files = (
			);
			runOnlyForDeploymentPostprocessing = 0;
		};
		CE2F38212B5EB1BA005BB0CB /* Frameworks */ = {
			isa = PBXFrameworksBuildPhase;
			buildActionMask = 2147483647;
			files = (
			);
			runOnlyForDeploymentPostprocessing = 0;
		};
/* End PBXFrameworksBuildPhase section */

/* Begin PBXGroup section */
		CE2F38012B5EB1AE005BB0CB = {
			isa = PBXGroup;
			children = (
				CE2F380C2B5EB1AE005BB0CB /* Pokedex */,
				CE2F381D2B5EB1BA005BB0CB /* PokedexTests */,
				CE2F38272B5EB1BA005BB0CB /* PokedexUITests */,
				CE2F380B2B5EB1AE005BB0CB /* Products */,
			);
			sourceTree = "<group>";
		};
		CE2F380B2B5EB1AE005BB0CB /* Products */ = {
			isa = PBXGroup;
			children = (
				CE2F380A2B5EB1AE005BB0CB /* Pokedex.app */,
				CE2F381A2B5EB1BA005BB0CB /* PokedexTests.xctest */,
				CE2F38242B5EB1BA005BB0CB /* PokedexUITests.xctest */,
			);
			name = Products;
			sourceTree = "<group>";
		};
		CE2F380C2B5EB1AE005BB0CB /* Pokedex */ = {
			isa = PBXGroup;
			children = (
				CE2F384C2B5EFA84005BB0CB /* Extensions */,
				CE2F38442B5ED9E2005BB0CB /* Service */,
				CE2F383C2B5EC958005BB0CB /* Model */,
				CE2F38372B5EBCC3005BB0CB /* View */,
				CE2F380D2B5EB1AE005BB0CB /* PokedexApp.swift */,
				CE2F38112B5EB1BA005BB0CB /* Assets.xcassets */,
				CE2F38132B5EB1BA005BB0CB /* Preview Content */,
			);
			path = Pokedex;
			sourceTree = "<group>";
		};
		CE2F38132B5EB1BA005BB0CB /* Preview Content */ = {
			isa = PBXGroup;
			children = (
				CE2F38142B5EB1BA005BB0CB /* Preview Assets.xcassets */,
			);
			path = "Preview Content";
			sourceTree = "<group>";
		};
		CE2F381D2B5EB1BA005BB0CB /* PokedexTests */ = {
			isa = PBXGroup;
			children = (
				CE2F381E2B5EB1BA005BB0CB /* PokedexTests.swift */,
			);
			path = PokedexTests;
			sourceTree = "<group>";
		};
		CE2F38272B5EB1BA005BB0CB /* PokedexUITests */ = {
			isa = PBXGroup;
			children = (
				CE2F38282B5EB1BA005BB0CB /* PokedexUITests.swift */,
				CE2F382A2B5EB1BA005BB0CB /* PokedexUITestsLaunchTests.swift */,
			);
			path = PokedexUITests;
			sourceTree = "<group>";
		};
		CE2F38372B5EBCC3005BB0CB /* View */ = {
			isa = PBXGroup;
			children = (
				CE2F384F2B5F08CE005BB0CB /* PokemonDetails */,
				CE2F38412B5ED5DC005BB0CB /* InitialView */,
				CE2F38402B5ED5C5005BB0CB /* PokedexView */,
				CE2F383F2B5ED5B7005BB0CB /* PokemonCells */,
			);
			path = View;
			sourceTree = "<group>";
		};
		CE2F383C2B5EC958005BB0CB /* Model */ = {
			isa = PBXGroup;
			children = (
				CE2F383D2B5EC96D005BB0CB /* Pokemon.swift */,
			);
			path = Model;
			sourceTree = "<group>";
		};
		CE2F383F2B5ED5B7005BB0CB /* PokemonCells */ = {
			isa = PBXGroup;
			children = (
				CE2F38382B5EBCE6005BB0CB /* PokemonCell.swift */,
			);
			path = PokemonCells;
			sourceTree = "<group>";
		};
		CE2F38402B5ED5C5005BB0CB /* PokedexView */ = {
			isa = PBXGroup;
			children = (
				CE2F383A2B5EBD3F005BB0CB /* PokedexView.swift */,
				CE2F38422B5ED5F9005BB0CB /* PokemonCellViewModel.swift */,
			);
			path = PokedexView;
			sourceTree = "<group>";
		};
		CE2F38412B5ED5DC005BB0CB /* InitialView */ = {
			isa = PBXGroup;
			children = (
				CE2F380F2B5EB1AE005BB0CB /* InitialView.swift */,
			);
			path = InitialView;
			sourceTree = "<group>";
		};
		CE2F38442B5ED9E2005BB0CB /* Service */ = {
			isa = PBXGroup;
			children = (
				CE2F38452B5ED9F7005BB0CB /* ApiPokemons.swift */,
			);
			path = Service;
			sourceTree = "<group>";
		};
		CE2F384C2B5EFA84005BB0CB /* Extensions */ = {
			isa = PBXGroup;
			children = (
				CE2F384D2B5EFAA0005BB0CB /* Color+Extensions.swift */,
			);
			path = Extensions;
			sourceTree = "<group>";
		};
		CE2F384F2B5F08CE005BB0CB /* PokemonDetails */ = {
			isa = PBXGroup;
			children = (
				CE2F38502B5F097E005BB0CB /* PokemonDetailsView.swift */,
			);
			path = PokemonDetails;
			sourceTree = "<group>";
		};
/* End PBXGroup section */

/* Begin PBXNativeTarget section */
		CE2F38092B5EB1AE005BB0CB /* Pokedex */ = {
			isa = PBXNativeTarget;
			buildConfigurationList = CE2F382E2B5EB1BA005BB0CB /* Build configuration list for PBXNativeTarget "Pokedex" */;
			buildPhases = (
				CE2F38062B5EB1AE005BB0CB /* Sources */,
				CE2F38072B5EB1AE005BB0CB /* Frameworks */,
				CE2F38082B5EB1AE005BB0CB /* Resources */,
			);
			buildRules = (
			);
			dependencies = (
			);
			name = Pokedex;
			packageProductDependencies = (
				CE2F38482B5EE921005BB0CB /* Kingfisher */,
			);
			productName = Pokedex;
			productReference = CE2F380A2B5EB1AE005BB0CB /* Pokedex.app */;
			productType = "com.apple.product-type.application";
		};
		CE2F38192B5EB1BA005BB0CB /* PokedexTests */ = {
			isa = PBXNativeTarget;
			buildConfigurationList = CE2F38312B5EB1BA005BB0CB /* Build configuration list for PBXNativeTarget "PokedexTests" */;
			buildPhases = (
				CE2F38162B5EB1BA005BB0CB /* Sources */,
				CE2F38172B5EB1BA005BB0CB /* Frameworks */,
				CE2F38182B5EB1BA005BB0CB /* Resources */,
			);
			buildRules = (
			);
			dependencies = (
				CE2F381C2B5EB1BA005BB0CB /* PBXTargetDependency */,
			);
			name = PokedexTests;
			productName = PokedexTests;
			productReference = CE2F381A2B5EB1BA005BB0CB /* PokedexTests.xctest */;
			productType = "com.apple.product-type.bundle.unit-test";
		};
		CE2F38232B5EB1BA005BB0CB /* PokedexUITests */ = {
			isa = PBXNativeTarget;
			buildConfigurationList = CE2F38342B5EB1BA005BB0CB /* Build configuration list for PBXNativeTarget "PokedexUITests" */;
			buildPhases = (
				CE2F38202B5EB1BA005BB0CB /* Sources */,
				CE2F38212B5EB1BA005BB0CB /* Frameworks */,
				CE2F38222B5EB1BA005BB0CB /* Resources */,
			);
			buildRules = (
			);
			dependencies = (
				CE2F38262B5EB1BA005BB0CB /* PBXTargetDependency */,
			);
			name = PokedexUITests;
			productName = PokedexUITests;
			productReference = CE2F38242B5EB1BA005BB0CB /* PokedexUITests.xctest */;
			productType = "com.apple.product-type.bundle.ui-testing";
		};
/* End PBXNativeTarget section */

/* Begin PBXProject section */
		CE2F38022B5EB1AE005BB0CB /* Project object */ = {
			isa = PBXProject;
			attributes = {
				BuildIndependentTargetsInParallel = 1;
				LastSwiftUpdateCheck = 1420;
				LastUpgradeCheck = 1420;
				TargetAttributes = {
					CE2F38092B5EB1AE005BB0CB = {
						CreatedOnToolsVersion = 14.2;
					};
					CE2F38192B5EB1BA005BB0CB = {
						CreatedOnToolsVersion = 14.2;
						TestTargetID = CE2F38092B5EB1AE005BB0CB;
					};
					CE2F38232B5EB1BA005BB0CB = {
						CreatedOnToolsVersion = 14.2;
						TestTargetID = CE2F38092B5EB1AE005BB0CB;
					};
				};
			};
			buildConfigurationList = CE2F38052B5EB1AE005BB0CB /* Build configuration list for PBXProject "Pokedex" */;
			compatibilityVersion = "Xcode 14.0";
			developmentRegion = en;
			hasScannedForEncodings = 0;
			knownRegions = (
				en,
				Base,
			);
			mainGroup = CE2F38012B5EB1AE005BB0CB;
			packageReferences = (
				CE2F38472B5EE921005BB0CB /* XCRemoteSwiftPackageReference "Kingfisher" */,
			);
			productRefGroup = CE2F380B2B5EB1AE005BB0CB /* Products */;
			projectDirPath = "";
			projectRoot = "";
			targets = (
				CE2F38092B5EB1AE005BB0CB /* Pokedex */,
				CE2F38192B5EB1BA005BB0CB /* PokedexTests */,
				CE2F38232B5EB1BA005BB0CB /* PokedexUITests */,
			);
		};
/* End PBXProject section */

/* Begin PBXResourcesBuildPhase section */
		CE2F38082B5EB1AE005BB0CB /* Resources */ = {
			isa = PBXResourcesBuildPhase;
			buildActionMask = 2147483647;
			files = (
				CE2F38152B5EB1BA005BB0CB /* Preview Assets.xcassets in Resources */,
				CE2F38122B5EB1BA005BB0CB /* Assets.xcassets in Resources */,
			);
			runOnlyForDeploymentPostprocessing = 0;
		};
		CE2F38182B5EB1BA005BB0CB /* Resources */ = {
			isa = PBXResourcesBuildPhase;
			buildActionMask = 2147483647;
			files = (
			);
			runOnlyForDeploymentPostprocessing = 0;
		};
		CE2F38222B5EB1BA005BB0CB /* Resources */ = {
			isa = PBXResourcesBuildPhase;
			buildActionMask = 2147483647;
			files = (
			);
			runOnlyForDeploymentPostprocessing = 0;
		};
/* End PBXResourcesBuildPhase section */

/* Begin PBXSourcesBuildPhase section */
		CE2F38062B5EB1AE005BB0CB /* Sources */ = {
			isa = PBXSourcesBuildPhase;
			buildActionMask = 2147483647;
			files = (
				CE2F38462B5ED9F7005BB0CB /* ApiPokemons.swift in Sources */,
				CE2F38432B5ED5F9005BB0CB /* PokemonCellViewModel.swift in Sources */,
				CE2F383E2B5EC96D005BB0CB /* Pokemon.swift in Sources */,
				CE2F384E2B5EFAA0005BB0CB /* Color+Extensions.swift in Sources */,
				CE2F38102B5EB1AE005BB0CB /* InitialView.swift in Sources */,
				CE2F380E2B5EB1AE005BB0CB /* PokedexApp.swift in Sources */,
				CE2F38392B5EBCE6005BB0CB /* PokemonCell.swift in Sources */,
				CE2F38512B5F097E005BB0CB /* PokemonDetailsView.swift in Sources */,
				CE2F383B2B5EBD3F005BB0CB /* PokedexView.swift in Sources */,
			);
			runOnlyForDeploymentPostprocessing = 0;
		};
		CE2F38162B5EB1BA005BB0CB /* Sources */ = {
			isa = PBXSourcesBuildPhase;
			buildActionMask = 2147483647;
			files = (
				CE2F381F2B5EB1BA005BB0CB /* PokedexTests.swift in Sources */,
			);
			runOnlyForDeploymentPostprocessing = 0;
		};
		CE2F38202B5EB1BA005BB0CB /* Sources */ = {
			isa = PBXSourcesBuildPhase;
			buildActionMask = 2147483647;
			files = (
				CE2F38292B5EB1BA005BB0CB /* PokedexUITests.swift in Sources */,
				CE2F382B2B5EB1BA005BB0CB /* PokedexUITestsLaunchTests.swift in Sources */,
			);
			runOnlyForDeploymentPostprocessing = 0;
		};
/* End PBXSourcesBuildPhase section */

/* Begin PBXTargetDependency section */
		CE2F381C2B5EB1BA005BB0CB /* PBXTargetDependency */ = {
			isa = PBXTargetDependency;
			target = CE2F38092B5EB1AE005BB0CB /* Pokedex */;
			targetProxy = CE2F381B2B5EB1BA005BB0CB /* PBXContainerItemProxy */;
		};
		CE2F38262B5EB1BA005BB0CB /* PBXTargetDependency */ = {
			isa = PBXTargetDependency;
			target = CE2F38092B5EB1AE005BB0CB /* Pokedex */;
			targetProxy = CE2F38252B5EB1BA005BB0CB /* PBXContainerItemProxy */;
		};
/* End PBXTargetDependency section */

/* Begin XCBuildConfiguration section */
		CE2F382C2B5EB1BA005BB0CB /* Debug */ = {
			isa = XCBuildConfiguration;
			buildSettings = {
				ALWAYS_SEARCH_USER_PATHS = NO;
				CLANG_ANALYZER_NONNULL = YES;
				CLANG_ANALYZER_NUMBER_OBJECT_CONVERSION = YES_AGGRESSIVE;
				CLANG_CXX_LANGUAGE_STANDARD = "gnu++20";
				CLANG_ENABLE_MODULES = YES;
				CLANG_ENABLE_OBJC_ARC = YES;
				CLANG_ENABLE_OBJC_WEAK = YES;
				CLANG_WARN_BLOCK_CAPTURE_AUTORELEASING = YES;
				CLANG_WARN_BOOL_CONVERSION = YES;
				CLANG_WARN_COMMA = YES;
				CLANG_WARN_CONSTANT_CONVERSION = YES;
				CLANG_WARN_DEPRECATED_OBJC_IMPLEMENTATIONS = YES;
				CLANG_WARN_DIRECT_OBJC_ISA_USAGE = YES_ERROR;
				CLANG_WARN_DOCUMENTATION_COMMENTS = YES;
				CLANG_WARN_EMPTY_BODY = YES;
				CLANG_WARN_ENUM_CONVERSION = YES;
				CLANG_WARN_INFINITE_RECURSION = YES;
				CLANG_WARN_INT_CONVERSION = YES;
				CLANG_WARN_NON_LITERAL_NULL_CONVERSION = YES;
				CLANG_WARN_OBJC_IMPLICIT_RETAIN_SELF = YES;
				CLANG_WARN_OBJC_LITERAL_CONVERSION = YES;
				CLANG_WARN_OBJC_ROOT_CLASS = YES_ERROR;
				CLANG_WARN_QUOTED_INCLUDE_IN_FRAMEWORK_HEADER = YES;
				CLANG_WARN_RANGE_LOOP_ANALYSIS = YES;
				CLANG_WARN_STRICT_PROTOTYPES = YES;
				CLANG_WARN_SUSPICIOUS_MOVE = YES;
				CLANG_WARN_UNGUARDED_AVAILABILITY = YES_AGGRESSIVE;
				CLANG_WARN_UNREACHABLE_CODE = YES;
				CLANG_WARN__DUPLICATE_METHOD_MATCH = YES;
				COPY_PHASE_STRIP = NO;
				DEBUG_INFORMATION_FORMAT = dwarf;
				ENABLE_STRICT_OBJC_MSGSEND = YES;
				ENABLE_TESTABILITY = YES;
				GCC_C_LANGUAGE_STANDARD = gnu11;
				GCC_DYNAMIC_NO_PIC = NO;
				GCC_NO_COMMON_BLOCKS = YES;
				GCC_OPTIMIZATION_LEVEL = 0;
				GCC_PREPROCESSOR_DEFINITIONS = (
					"DEBUG=1",
					"$(inherited)",
				);
				GCC_WARN_64_TO_32_BIT_CONVERSION = YES;
				GCC_WARN_ABOUT_RETURN_TYPE = YES_ERROR;
				GCC_WARN_UNDECLARED_SELECTOR = YES;
				GCC_WARN_UNINITIALIZED_AUTOS = YES_AGGRESSIVE;
				GCC_WARN_UNUSED_FUNCTION = YES;
				GCC_WARN_UNUSED_VARIABLE = YES;
				IPHONEOS_DEPLOYMENT_TARGET = 16.2;
				MTL_ENABLE_DEBUG_INFO = INCLUDE_SOURCE;
				MTL_FAST_MATH = YES;
				ONLY_ACTIVE_ARCH = YES;
				SDKROOT = iphoneos;
				SWIFT_ACTIVE_COMPILATION_CONDITIONS = DEBUG;
				SWIFT_OPTIMIZATION_LEVEL = "-Onone";
			};
			name = Debug;
		};
		CE2F382D2B5EB1BA005BB0CB /* Release */ = {
			isa = XCBuildConfiguration;
			buildSettings = {
				ALWAYS_SEARCH_USER_PATHS = NO;
				CLANG_ANALYZER_NONNULL = YES;
				CLANG_ANALYZER_NUMBER_OBJECT_CONVERSION = YES_AGGRESSIVE;
				CLANG_CXX_LANGUAGE_STANDARD = "gnu++20";
				CLANG_ENABLE_MODULES = YES;
				CLANG_ENABLE_OBJC_ARC = YES;
				CLANG_ENABLE_OBJC_WEAK = YES;
				CLANG_WARN_BLOCK_CAPTURE_AUTORELEASING = YES;
				CLANG_WARN_BOOL_CONVERSION = YES;
				CLANG_WARN_COMMA = YES;
				CLANG_WARN_CONSTANT_CONVERSION = YES;
				CLANG_WARN_DEPRECATED_OBJC_IMPLEMENTATIONS = YES;
				CLANG_WARN_DIRECT_OBJC_ISA_USAGE = YES_ERROR;
				CLANG_WARN_DOCUMENTATION_COMMENTS = YES;
				CLANG_WARN_EMPTY_BODY = YES;
				CLANG_WARN_ENUM_CONVERSION = YES;
				CLANG_WARN_INFINITE_RECURSION = YES;
				CLANG_WARN_INT_CONVERSION = YES;
				CLANG_WARN_NON_LITERAL_NULL_CONVERSION = YES;
				CLANG_WARN_OBJC_IMPLICIT_RETAIN_SELF = YES;
				CLANG_WARN_OBJC_LITERAL_CONVERSION = YES;
				CLANG_WARN_OBJC_ROOT_CLASS = YES_ERROR;
				CLANG_WARN_QUOTED_INCLUDE_IN_FRAMEWORK_HEADER = YES;
				CLANG_WARN_RANGE_LOOP_ANALYSIS = YES;
				CLANG_WARN_STRICT_PROTOTYPES = YES;
				CLANG_WARN_SUSPICIOUS_MOVE = YES;
				CLANG_WARN_UNGUARDED_AVAILABILITY = YES_AGGRESSIVE;
				CLANG_WARN_UNREACHABLE_CODE = YES;
				CLANG_WARN__DUPLICATE_METHOD_MATCH = YES;
				COPY_PHASE_STRIP = NO;
				DEBUG_INFORMATION_FORMAT = "dwarf-with-dsym";
				ENABLE_NS_ASSERTIONS = NO;
				ENABLE_STRICT_OBJC_MSGSEND = YES;
				GCC_C_LANGUAGE_STANDARD = gnu11;
				GCC_NO_COMMON_BLOCKS = YES;
				GCC_WARN_64_TO_32_BIT_CONVERSION = YES;
				GCC_WARN_ABOUT_RETURN_TYPE = YES_ERROR;
				GCC_WARN_UNDECLARED_SELECTOR = YES;
				GCC_WARN_UNINITIALIZED_AUTOS = YES_AGGRESSIVE;
				GCC_WARN_UNUSED_FUNCTION = YES;
				GCC_WARN_UNUSED_VARIABLE = YES;
				IPHONEOS_DEPLOYMENT_TARGET = 16.2;
				MTL_ENABLE_DEBUG_INFO = NO;
				MTL_FAST_MATH = YES;
				SDKROOT = iphoneos;
				SWIFT_COMPILATION_MODE = wholemodule;
				SWIFT_OPTIMIZATION_LEVEL = "-O";
				VALIDATE_PRODUCT = YES;
			};
			name = Release;
		};
		CE2F382F2B5EB1BA005BB0CB /* Debug */ = {
			isa = XCBuildConfiguration;
			buildSettings = {
				ASSETCATALOG_COMPILER_APPICON_NAME = AppIcon;
				ASSETCATALOG_COMPILER_GLOBAL_ACCENT_COLOR_NAME = AccentColor;
				CODE_SIGN_STYLE = Automatic;
				CURRENT_PROJECT_VERSION = 1;
				DEVELOPMENT_ASSET_PATHS = "\"Pokedex/Preview Content\"";
				DEVELOPMENT_TEAM = 96BGR9J6TU;
				ENABLE_PREVIEWS = YES;
				GENERATE_INFOPLIST_FILE = YES;
				INFOPLIST_KEY_UIApplicationSceneManifest_Generation = YES;
				INFOPLIST_KEY_UIApplicationSupportsIndirectInputEvents = YES;
				INFOPLIST_KEY_UILaunchScreen_Generation = YES;
				INFOPLIST_KEY_UISupportedInterfaceOrientations_iPad = "UIInterfaceOrientationPortrait UIInterfaceOrientationPortraitUpsideDown UIInterfaceOrientationLandscapeLeft UIInterfaceOrientationLandscapeRight";
				INFOPLIST_KEY_UISupportedInterfaceOrientations_iPhone = "UIInterfaceOrientationPortrait UIInterfaceOrientationLandscapeLeft UIInterfaceOrientationLandscapeRight";
				LD_RUNPATH_SEARCH_PATHS = (
					"$(inherited)",
					"@executable_path/Frameworks",
				);
				MARKETING_VERSION = 1.0;
				PRODUCT_BUNDLE_IDENTIFIER = com.pedroroca.Pokedex;
				PRODUCT_NAME = "$(TARGET_NAME)";
				SWIFT_EMIT_LOC_STRINGS = YES;
				SWIFT_VERSION = 5.0;
				TARGETED_DEVICE_FAMILY = "1,2";
			};
			name = Debug;
		};
		CE2F38302B5EB1BA005BB0CB /* Release */ = {
			isa = XCBuildConfiguration;
			buildSettings = {
				ASSETCATALOG_COMPILER_APPICON_NAME = AppIcon;
				ASSETCATALOG_COMPILER_GLOBAL_ACCENT_COLOR_NAME = AccentColor;
				CODE_SIGN_STYLE = Automatic;
				CURRENT_PROJECT_VERSION = 1;
				DEVELOPMENT_ASSET_PATHS = "\"Pokedex/Preview Content\"";
				DEVELOPMENT_TEAM = 96BGR9J6TU;
				ENABLE_PREVIEWS = YES;
				GENERATE_INFOPLIST_FILE = YES;
				INFOPLIST_KEY_UIApplicationSceneManifest_Generation = YES;
				INFOPLIST_KEY_UIApplicationSupportsIndirectInputEvents = YES;
				INFOPLIST_KEY_UILaunchScreen_Generation = YES;
				INFOPLIST_KEY_UISupportedInterfaceOrientations_iPad = "UIInterfaceOrientationPortrait UIInterfaceOrientationPortraitUpsideDown UIInterfaceOrientationLandscapeLeft UIInterfaceOrientationLandscapeRight";
				INFOPLIST_KEY_UISupportedInterfaceOrientations_iPhone = "UIInterfaceOrientationPortrait UIInterfaceOrientationLandscapeLeft UIInterfaceOrientationLandscapeRight";
				LD_RUNPATH_SEARCH_PATHS = (
					"$(inherited)",
					"@executable_path/Frameworks",
				);
				MARKETING_VERSION = 1.0;
				PRODUCT_BUNDLE_IDENTIFIER = com.pedroroca.Pokedex;
				PRODUCT_NAME = "$(TARGET_NAME)";
				SWIFT_EMIT_LOC_STRINGS = YES;
				SWIFT_VERSION = 5.0;
				TARGETED_DEVICE_FAMILY = "1,2";
			};
			name = Release;
		};
		CE2F38322B5EB1BA005BB0CB /* Debug */ = {
			isa = XCBuildConfiguration;
			buildSettings = {
				ALWAYS_EMBED_SWIFT_STANDARD_LIBRARIES = YES;
				BUNDLE_LOADER = "$(TEST_HOST)";
				CODE_SIGN_STYLE = Automatic;
				CURRENT_PROJECT_VERSION = 1;
				DEVELOPMENT_TEAM = 96BGR9J6TU;
				GENERATE_INFOPLIST_FILE = YES;
				IPHONEOS_DEPLOYMENT_TARGET = 16.2;
				MARKETING_VERSION = 1.0;
				PRODUCT_BUNDLE_IDENTIFIER = com.pedroroca.PokedexTests;
				PRODUCT_NAME = "$(TARGET_NAME)";
				SWIFT_EMIT_LOC_STRINGS = NO;
				SWIFT_VERSION = 5.0;
				TARGETED_DEVICE_FAMILY = "1,2";
				TEST_HOST = "$(BUILT_PRODUCTS_DIR)/Pokedex.app/$(BUNDLE_EXECUTABLE_FOLDER_PATH)/Pokedex";
			};
			name = Debug;
		};
		CE2F38332B5EB1BA005BB0CB /* Release */ = {
			isa = XCBuildConfiguration;
			buildSettings = {
				ALWAYS_EMBED_SWIFT_STANDARD_LIBRARIES = YES;
				BUNDLE_LOADER = "$(TEST_HOST)";
				CODE_SIGN_STYLE = Automatic;
				CURRENT_PROJECT_VERSION = 1;
				DEVELOPMENT_TEAM = 96BGR9J6TU;
				GENERATE_INFOPLIST_FILE = YES;
				IPHONEOS_DEPLOYMENT_TARGET = 16.2;
				MARKETING_VERSION = 1.0;
				PRODUCT_BUNDLE_IDENTIFIER = com.pedroroca.PokedexTests;
				PRODUCT_NAME = "$(TARGET_NAME)";
				SWIFT_EMIT_LOC_STRINGS = NO;
				SWIFT_VERSION = 5.0;
				TARGETED_DEVICE_FAMILY = "1,2";
				TEST_HOST = "$(BUILT_PRODUCTS_DIR)/Pokedex.app/$(BUNDLE_EXECUTABLE_FOLDER_PATH)/Pokedex";
			};
			name = Release;
		};
		CE2F38352B5EB1BA005BB0CB /* Debug */ = {
			isa = XCBuildConfiguration;
			buildSettings = {
				ALWAYS_EMBED_SWIFT_STANDARD_LIBRARIES = YES;
				CODE_SIGN_STYLE = Automatic;
				CURRENT_PROJECT_VERSION = 1;
				DEVELOPMENT_TEAM = 96BGR9J6TU;
				GENERATE_INFOPLIST_FILE = YES;
				MARKETING_VERSION = 1.0;
				PRODUCT_BUNDLE_IDENTIFIER = com.pedroroca.PokedexUITests;
				PRODUCT_NAME = "$(TARGET_NAME)";
				SWIFT_EMIT_LOC_STRINGS = NO;
				SWIFT_VERSION = 5.0;
				TARGETED_DEVICE_FAMILY = "1,2";
				TEST_TARGET_NAME = Pokedex;
			};
			name = Debug;
		};
		CE2F38362B5EB1BA005BB0CB /* Release */ = {
			isa = XCBuildConfiguration;
			buildSettings = {
				ALWAYS_EMBED_SWIFT_STANDARD_LIBRARIES = YES;
				CODE_SIGN_STYLE = Automatic;
				CURRENT_PROJECT_VERSION = 1;
				DEVELOPMENT_TEAM = 96BGR9J6TU;
				GENERATE_INFOPLIST_FILE = YES;
				MARKETING_VERSION = 1.0;
				PRODUCT_BUNDLE_IDENTIFIER = com.pedroroca.PokedexUITests;
				PRODUCT_NAME = "$(TARGET_NAME)";
				SWIFT_EMIT_LOC_STRINGS = NO;
				SWIFT_VERSION = 5.0;
				TARGETED_DEVICE_FAMILY = "1,2";
				TEST_TARGET_NAME = Pokedex;
			};
			name = Release;
		};
/* End XCBuildConfiguration section */

/* Begin XCConfigurationList section */
		CE2F38052B5EB1AE005BB0CB /* Build configuration list for PBXProject "Pokedex" */ = {
			isa = XCConfigurationList;
			buildConfigurations = (
				CE2F382C2B5EB1BA005BB0CB /* Debug */,
				CE2F382D2B5EB1BA005BB0CB /* Release */,
			);
			defaultConfigurationIsVisible = 0;
			defaultConfigurationName = Release;
		};
		CE2F382E2B5EB1BA005BB0CB /* Build configuration list for PBXNativeTarget "Pokedex" */ = {
			isa = XCConfigurationList;
			buildConfigurations = (
				CE2F382F2B5EB1BA005BB0CB /* Debug */,
				CE2F38302B5EB1BA005BB0CB /* Release */,
			);
			defaultConfigurationIsVisible = 0;
			defaultConfigurationName = Release;
		};
		CE2F38312B5EB1BA005BB0CB /* Build configuration list for PBXNativeTarget "PokedexTests" */ = {
			isa = XCConfigurationList;
			buildConfigurations = (
				CE2F38322B5EB1BA005BB0CB /* Debug */,
				CE2F38332B5EB1BA005BB0CB /* Release */,
			);
			defaultConfigurationIsVisible = 0;
			defaultConfigurationName = Release;
		};
		CE2F38342B5EB1BA005BB0CB /* Build configuration list for PBXNativeTarget "PokedexUITests" */ = {
			isa = XCConfigurationList;
			buildConfigurations = (
				CE2F38352B5EB1BA005BB0CB /* Debug */,
				CE2F38362B5EB1BA005BB0CB /* Release */,
			);
			defaultConfigurationIsVisible = 0;
			defaultConfigurationName = Release;
		};
/* End XCConfigurationList section */

/* Begin XCRemoteSwiftPackageReference section */
		CE2F38472B5EE921005BB0CB /* XCRemoteSwiftPackageReference "Kingfisher" */ = {
			isa = XCRemoteSwiftPackageReference;
			repositoryURL = "https://github.com/onevcat/Kingfisher.git";
			requirement = {
				kind = upToNextMajorVersion;
				minimumVersion = 7.0.0;
			};
		};
/* End XCRemoteSwiftPackageReference section */

/* Begin XCSwiftPackageProductDependency section */
		CE2F38482B5EE921005BB0CB /* Kingfisher */ = {
			isa = XCSwiftPackageProductDependency;
			package = CE2F38472B5EE921005BB0CB /* XCRemoteSwiftPackageReference "Kingfisher" */;
			productName = Kingfisher;
		};
/* End XCSwiftPackageProductDependency section */
	};
	rootObject = CE2F38022B5EB1AE005BB0CB /* Project object */;
}
